
Microsoft Visual Studio Solution File, Format Version 12.00
# Visual Studio 14
VisualStudioVersion = 14.0.24720.0
MinimumVisualStudioVersion = 10.0.40219.1
Project("{FAE04EC0-301F-11D3-BF4B-00C04F79EFBC}") = "Moody_Desktop", "Moody_Desktop\Moody_Desktop.csproj", "{BE785BFD-39A1-4BEF-B608-D8F347DD5BDB}"
EndProject
Global
	GlobalSection(SolutionConfigurationPlatforms) = preSolution
		Debug|Any CPU = Debug|Any CPU
		Release|Any CPU = Release|Any CPU
	EndGlobalSection
	GlobalSection(ProjectConfigurationPlatforms) = postSolution
		{BE785BFD-39A1-4BEF-B608-D8F347DD5BDB}.Debug|Any CPU.ActiveCfg = Debug|Any CPU
		{BE785BFD-39A1-4BEF-B608-D8F347DD5BDB}.Debug|Any CPU.Build.0 = Debug|Any CPU
		{BE785BFD-39A1-4BEF-B608-D8F347DD5BDB}.Release|Any CPU.ActiveCfg = Release|Any CPU
		{BE785BFD-39A1-4BEF-B608-D8F347DD5BDB}.Release|Any CPU.Build.0 = Release|Any CPU
	EndGlobalSection
	GlobalSection(SolutionProperties) = preSolution
		HideSolutionNode = FALSE
	EndGlobalSection
EndGlobal
